<?xml version="1.0" encoding="utf-8"?>
<Project ToolsVersion="4.0" xmlns="http://schemas.microsoft.com/developer/msbuild/2003">
  <ItemGroup>
    <Filter Include="Source Files">
      <UniqueIdentifier>{4FC737F1-C7A5-4376-A066-2A32D752A2FF}</UniqueIdentifier>
      <Extensions>cpp;c;cc;cxx;c++;cppm;ixx;def;odl;idl;hpj;bat;asm;asmx</Extensions>
    </Filter>
    <Filter Include="Header Files">
      <UniqueIdentifier>{93995380-89BD-4b04-88EB-625FBE52EBFB}</UniqueIdentifier>
      <Extensions>h;hh;hpp;hxx;h++;hm;inl;inc;ipp;xsd</Extensions>
    </Filter>
    <Filter Include="Resource Files">
      <UniqueIdentifier>{67DA6AB6-F800-4c08-8B7A-83BB121AAD01}</UniqueIdentifier>
      <Extensions>rc;ico;cur;bmp;dlg;rc2;rct;bin;rgs;gif;jpg;jpeg;jpe;resx;tiff;tif;png;wav;mfcribbon-ms</Extensions>
    </Filter>
    <Filter Include="Source Files\3.1 Shaders">
      <UniqueIdentifier>{3e9fb1a7-6457-4533-b9ba-e7aea91484f5}</UniqueIdentifier>
    </Filter>
    <Filter Include="Source Files\2.1 Triangle">
      <UniqueIdentifier>{2999f324-45d0-4610-92dc-00f033c1a6ed}</UniqueIdentifier>
    </Filter>
    <Filter Include="Source Files\2.2 Rectangle">
      <UniqueIdentifier>{e2e62946-e8db-4014-9fde-df8080b24ca9}</UniqueIdentifier>
    </Filter>
    <Filter Include="Source Files\6.3 Uniforms">
      <UniqueIdentifier>{8441dec6-06c3-4804-86dc-dd0d01100010}</UniqueIdentifier>
    </Filter>
    <Filter Include="Source Files\6.6 ShaderProgram">
      <UniqueIdentifier>{767e3954-87dd-49a7-a7ff-6263d50b3284}</UniqueIdentifier>
    </Filter>
    <Filter Include="Source Files\Basic">
      <UniqueIdentifier>{e2a6178a-7d45-424c-bc62-02e4bebc93ae}</UniqueIdentifier>
    </Filter>
    <Filter Include="Source Files\7.0 Textures">
      <UniqueIdentifier>{f5c11b90-f5fc-4a07-b134-b7c1fbfcad16}</UniqueIdentifier>
    </Filter>
    <Filter Include="Source Files\8.0 Transformations">
      <UniqueIdentifier>{a00b2a21-98da-4457-8fe4-2d6d5063a598}</UniqueIdentifier>
    </Filter>
    <Filter Include="Source Files\9.0 Coordinate Systems">
      <UniqueIdentifier>{b3a69f5d-5477-41a2-81bb-d00fcdd91f0a}</UniqueIdentifier>
    </Filter>
    <Filter Include="Source Files\Cornell Box">
      <UniqueIdentifier>{6ed73c9b-9150-4203-9f24-8de9b37ad772}</UniqueIdentifier>
    </Filter>
    <Filter Include="Source Files\16 lighting">
      <UniqueIdentifier>{825d2222-8efe-480c-bf3b-ee485ba380be}</UniqueIdentifier>
    </Filter>
    <Filter Include="Source Files\35 Shadows">
      <UniqueIdentifier>{155eddeb-2d62-4baa-830c-9a297ce43402}</UniqueIdentifier>
    </Filter>
    <Filter Include="Source Files\shadowShader">
      <UniqueIdentifier>{fae03e02-0eb9-4380-8779-a8e9b4bb0977}</UniqueIdentifier>
    </Filter>
  </ItemGroup>
  <ItemGroup>
    <ClCompile Include="..\..\..\Downloads\glad\src\glad.c">
      <Filter>Source Files</Filter>
    </ClCompile>
    <ClCompile Include="rectangle.cpp">
      <Filter>Source Files\2.2 Rectangle</Filter>
    </ClCompile>
    <ClCompile Include="triangle.cpp">
      <Filter>Source Files\2.1 Triangle</Filter>
    </ClCompile>
    <ClCompile Include="shaders.cpp">
      <Filter>Source Files\3.1 Shaders</Filter>
    </ClCompile>
    <ClCompile Include="uniforms.cpp">
      <Filter>Source Files\6.3 Uniforms</Filter>
    </ClCompile>
    <ClCompile Include="portableShaders.cpp">
      <Filter>Source Files\6.6 ShaderProgram</Filter>
    </ClCompile>
    <ClCompile Include="basic.cpp">
      <Filter>Source Files\Basic</Filter>
    </ClCompile>
    <ClCompile Include="textureRender.cpp">
      <Filter>Source Files\7.0 Textures</Filter>
    </ClCompile>
    <ClCompile Include="stb_image.cpp">
      <Filter>Source Files</Filter>
    </ClCompile>
    <ClCompile Include="transformations.cpp">
      <Filter>Source Files\8.0 Transformations</Filter>
    </ClCompile>
    <ClCompile Include="coordinateSystems.cpp">
      <Filter>Source Files\9.0 Coordinate Systems</Filter>
    </ClCompile>
    <ClCompile Include="cornellBox.cpp">
      <Filter>Source Files\Cornell Box</Filter>
    </ClCompile>
    <ClCompile Include="lighting.cpp">
      <Filter>Source Files\16 lighting</Filter>
    </ClCompile>
    <ClCompile Include="shadows.cpp">
      <Filter>Source Files\35 Shadows</Filter>
    </ClCompile>
    <ClCompile Include="cornellCopy.cpp">
      <Filter>Source Files\Cornell Box</Filter>
    </ClCompile>
  </ItemGroup>
  <ItemGroup>
    <ClInclude Include="Shader.h">
      <Filter>Header Files</Filter>
    </ClInclude>
    <ClInclude Include="camera.h">
      <Filter>Header Files</Filter>
    </ClInclude>
    <ClInclude Include="model.h">
      <Filter>Header Files</Filter>
    </ClInclude>
    <ClInclude Include="mesh.h">
      <Filter>Header Files</Filter>
    </ClInclude>
  </ItemGroup>
  <ItemGroup>
    <None Include="shader.frag" />
    <None Include="shader.vs" />
    <None Include="lightShader.frag" />
    <None Include="lightShader.vs" />
    <None Include="debug_quad.vs">
      <Filter>Source Files\shadowShader</Filter>
    </None>
    <None Include="debug_quad_depth.fs">
      <Filter>Source Files\shadowShader</Filter>
    </None>
    <None Include="shadow_mapping.fs">
      <Filter>Source Files\shadowShader</Filter>
    </None>
    <None Include="shadow_mapping.vs">
      <Filter>Source Files\shadowShader</Filter>
    </None>
    <None Include="shadow_mapping_depth.fs">
      <Filter>Source Files\shadowShader</Filter>
    </None>
    <None Include="shadow_mapping_depth.gs">
      <Filter>Source Files\shadowShader</Filter>
    </None>
    <None Include="shadow_mapping_depth.vs">
      <Filter>Source Files\shadowShader</Filter>
    </None>
  </ItemGroup>
</Project>